
Microsoft Visual Studio Solution File, Format Version 12.00
# Visual Studio Version 17
VisualStudioVersion = 17.1.32210.238
MinimumVisualStudioVersion = 10.0.40219.1
Project("{FAE04EC0-301F-11D3-BF4B-00C04F79EFBC}") = "TanksProgram", "TanksProgram\TanksProgram.csproj", "{7969459D-A26E-41F5-8168-25CD50F64693}"
EndProject
Project("{9A19103F-16F7-4668-BE54-9A1E7A4F7556}") = "TanksLibrary", "..\TanksLibrary\TanksLibrary\TanksLibrary.csproj", "{AD32F499-38B2-46D9-9389-888AAB12C62D}"
EndProject
Global
	GlobalSection(SolutionConfigurationPlatforms) = preSolution
		Debug|Any CPU = Debug|Any CPU
		Release|Any CPU = Release|Any CPU
	EndGlobalSection
	GlobalSection(ProjectConfigurationPlatforms) = postSolution
		{7969459D-A26E-41F5-8168-25CD50F64693}.Debug|Any CPU.ActiveCfg = Debug|Any CPU
		{7969459D-A26E-41F5-8168-25CD50F64693}.Debug|Any CPU.Build.0 = Debug|Any CPU
		{7969459D-A26E-41F5-8168-25CD50F64693}.Release|Any CPU.ActiveCfg = Release|Any CPU
		{7969459D-A26E-41F5-8168-25CD50F64693}.Release|Any CPU.Build.0 = Release|Any CPU
		{AD32F499-38B2-46D9-9389-888AAB12C62D}.Debug|Any CPU.ActiveCfg = Debug|Any CPU
		{AD32F499-38B2-46D9-9389-888AAB12C62D}.Debug|Any CPU.Build.0 = Debug|Any CPU
		{AD32F499-38B2-46D9-9389-888AAB12C62D}.Release|Any CPU.ActiveCfg = Release|Any CPU
		{AD32F499-38B2-46D9-9389-888AAB12C62D}.Release|Any CPU.Build.0 = Release|Any CPU
	EndGlobalSection
	GlobalSection(SolutionProperties) = preSolution
		HideSolutionNode = FALSE
	EndGlobalSection
	GlobalSection(ExtensibilityGlobals) = postSolution
		SolutionGuid = {7EFAA05E-70A1-46A2-9DD6-BA576AE2735D}
	EndGlobalSection
EndGlobal
